
Microsoft Visual Studio Solution File, Format Version 12.00
# Visual Studio Version 16
VisualStudioVersion = 16.0.30204.135
MinimumVisualStudioVersion = 10.0.40219.1
Project("{FAE04EC0-301F-11D3-BF4B-00C04F79EFBC}") = "Mezubo.Roulette.API", "Mezubo.Ruleta.API\Mezubo.Roulette.API.csproj", "{414855FC-1617-4192-A8BC-7C69F2D10D59}"
EndProject
Global
	GlobalSection(SolutionConfigurationPlatforms) = preSolution
		Debug|Any CPU = Debug|Any CPU
		Release|Any CPU = Release|Any CPU
	EndGlobalSection
	GlobalSection(ProjectConfigurationPlatforms) = postSolution
		{414855FC-1617-4192-A8BC-7C69F2D10D59}.Debug|Any CPU.ActiveCfg = Debug|Any CPU
		{414855FC-1617-4192-A8BC-7C69F2D10D59}.Debug|Any CPU.Build.0 = Debug|Any CPU
		{414855FC-1617-4192-A8BC-7C69F2D10D59}.Release|Any CPU.ActiveCfg = Release|Any CPU
		{414855FC-1617-4192-A8BC-7C69F2D10D59}.Release|Any CPU.Build.0 = Release|Any CPU
	EndGlobalSection
	GlobalSection(SolutionProperties) = preSolution
		HideSolutionNode = FALSE
	EndGlobalSection
	GlobalSection(ExtensibilityGlobals) = postSolution
		SolutionGuid = {0C6E42F9-9712-44DA-9AB1-E6A3C96BC68D}
	EndGlobalSection
EndGlobal
